Microsoft Visual Studio Solution File, Format Version 12.00
# Visual Studio Version 17
VisualStudioVersion = 17.5.2.0
MinimumVisualStudioVersion = 10.0.40219.1
Project("{FAE04EC0-301F-11D3-BF4B-00C04F79EFBC}") = "SerialApp.Desktop", "SerialApp.Desktop.csproj", "{1FAC5B37-8243-B198-8D8D-A885E15486AC}"
EndProject
Global
	GlobalSection(SolutionConfigurationPlatforms) = preSolution
		Debug|Any CPU = Debug|Any CPU
		Release|Any CPU = Release|Any CPU
	EndGlobalSection
	GlobalSection(ProjectConfigurationPlatforms) = postSolution
		{1FAC5B37-8243-B198-8D8D-A885E15486AC}.Debug|Any CPU.ActiveCfg = Debug|Any CPU
		{1FAC5B37-8243-B198-8D8D-A885E15486AC}.Debug|Any CPU.Build.0 = Debug|Any CPU
		{1FAC5B37-8243-B198-8D8D-A885E15486AC}.Release|Any CPU.ActiveCfg = Release|Any CPU
		{1FAC5B37-8243-B198-8D8D-A885E15486AC}.Release|Any CPU.Build.0 = Release|Any CPU
	EndGlobalSection
	GlobalSection(SolutionProperties) = preSolution
		HideSolutionNode = FALSE
	EndGlobalSection
	GlobalSection(ExtensibilityGlobals) = postSolution
		SolutionGuid = {AE6645B0-D87B-453A-AF49-89CEE08F7B45}
	EndGlobalSection
EndGlobal
